
Microsoft Visual Studio Solution File, Format Version 12.00
# Visual Studio Version 17
VisualStudioVersion = 17.14.36301.6 d17.14
MinimumVisualStudioVersion = 10.0.40219.1
Project("{FAE04EC0-301F-11D3-BF4B-00C04F79EFBC}") = "Shelve.OpenAi.Client", "Shelve.OpenAi.Client.csproj", "{68B8E8C9-8191-484F-AE4F-BE7A452D759E}"
EndProject
Global
	GlobalSection(SolutionConfigurationPlatforms) = preSolution
		Debug|Any CPU = Debug|Any CPU
		Release|Any CPU = Release|Any CPU
	EndGlobalSection
	GlobalSection(ProjectConfigurationPlatforms) = postSolution
		{68B8E8C9-8191-484F-AE4F-BE7A452D759E}.Debug|Any CPU.ActiveCfg = Debug|Any CPU
		{68B8E8C9-8191-484F-AE4F-BE7A452D759E}.Debug|Any CPU.Build.0 = Debug|Any CPU
		{68B8E8C9-8191-484F-AE4F-BE7A452D759E}.Release|Any CPU.ActiveCfg = Release|Any CPU
		{68B8E8C9-8191-484F-AE4F-BE7A452D759E}.Release|Any CPU.Build.0 = Release|Any CPU
	EndGlobalSection
	GlobalSection(SolutionProperties) = preSolution
		HideSolutionNode = FALSE
	EndGlobalSection
	GlobalSection(ExtensibilityGlobals) = postSolution
		SolutionGuid = {8A87F849-815A-4691-A87B-13D66B6BF1F8}
	EndGlobalSection
EndGlobal
